{
  "name": "nspirefs-fuse",
  "lockfileVersion": 2,
  "requires": true,
  "packages": {
    "": {
      "name": "nspirefs-fuse",
      "dependencies": {
        "@types/node": "^17.0.23",
        "fuse-native": "^2.2.6",
        "typescript": "^4.6.3"
      }
    },
    "node_modules/@types/node": {
      "version": "17.0.23",
      "resolved": "https://registry.npmjs.org/@types/node/-/node-17.0.23.tgz",
      "integrity": "sha512-UxDxWn7dl97rKVeVS61vErvw086aCYhDLyvRQZ5Rk65rZKepaFdm53GeqXaKBuOhED4e9uWq34IC3TdSdJJ2Gw=="
    },
    "node_modules/fuse-native": {
      "version": "2.2.6",
      "resolved": "https://registry.npmjs.org/fuse-native/-/fuse-native-2.2.6.tgz",
      "integrity": "sha512-Y5wXd7vUsWWWIIHbjluv7jKZgPZaSVA5YWaW3I5fXIJfcGWL6IRUgoBUveQAq+D8cG9cCiGNahv9CeToccCXrw==",
      "hasInstallScript": true,
      "dependencies": {
        "fuse-shared-library": "^1.0.2",
        "nanoresource": "^1.3.0",
        "napi-macros": "^2.0.0",
        "node-gyp-build": "^4.2.0"
      },
      "bin": {
        "fuse-native": "bin.js"
      }
    },
    "node_modules/fuse-shared-library": {
      "version": "1.1.1",
      "resolved": "https://registry.npmjs.org/fuse-shared-library/-/fuse-shared-library-1.1.1.tgz",
      "integrity": "sha512-EfgTo/eS1euZFUe7x8KqyA40hV4DwP7kqp1VNZApu2nlPnJv8SanraBE3VXyX7ff41sxw7M0oWY7re3G3wnZVA==",
      "dependencies": {
        "fuse-shared-library-darwin": "^1.0.3",
        "fuse-shared-library-linux": "^1.0.1",
        "fuse-shared-library-linux-arm": "^1.0.0"
      }
    },
    "node_modules/fuse-shared-library-darwin": {
      "version": "1.1.3",
      "resolved": "https://registry.npmjs.org/fuse-shared-library-darwin/-/fuse-shared-library-darwin-1.1.3.tgz",
      "integrity": "sha512-4Q8gMxyMl1+gwHGpiYUoKKpi7xq8WcPo0TvJvjZzHMuCiszouu2GgEs6SJAqPB3LjfmEkl6kPV+2Oluczr0Nig=="
    },
    "node_modules/fuse-shared-library-linux": {
      "version": "1.0.1",
      "resolved": "https://registry.npmjs.org/fuse-shared-library-linux/-/fuse-shared-library-linux-1.0.1.tgz",
      "integrity": "sha512-07MQRSobrBKwW4D7oKm0gM2TwgvZWb+gC08JdiYDG4KBTncxk9ssqEDiDMKll8hpseZufsY2w1yc/feOu2DPmQ=="
    },
    "node_modules/fuse-shared-library-linux-arm": {
      "version": "1.0.0",
      "resolved": "https://registry.npmjs.org/fuse-shared-library-linux-arm/-/fuse-shared-library-linux-arm-1.0.0.tgz",
      "integrity": "sha512-Dj4ssxo1/MKGvOsVWRblSRu+o5F5OJTrVPDkjSyGDU2yKvVnIzQSwy1deiWA0qCcS/Q8iJMlZaCpCcZWSwvoug=="
    },
    "node_modules/inherits": {
      "version": "2.0.4",
      "resolved": "https://registry.npmjs.org/inherits/-/inherits-2.0.4.tgz",
      "integrity": "sha512-k/vGaX4/Yla3WzyMCvTQOXYeIHvqOKtnqBduzTHpzpQZzAskKMhZ2K+EnBiSM9zGSoIFeMpXKxa4dYeZIQqewQ=="
    },
    "node_modules/nanoresource": {
      "version": "1.3.0",
      "resolved": "https://registry.npmjs.org/nanoresource/-/nanoresource-1.3.0.tgz",
      "integrity": "sha512-OI5dswqipmlYfyL3k/YMm7mbERlh4Bd1KuKdMHpeoVD1iVxqxaTMKleB4qaA2mbQZ6/zMNSxCXv9M9P/YbqTuQ==",
      "dependencies": {
        "inherits": "^2.0.4"
      }
    },
    "node_modules/napi-macros": {
      "version": "2.0.0",
      "resolved": "https://registry.npmjs.org/napi-macros/-/napi-macros-2.0.0.tgz",
      "integrity": "sha512-A0xLykHtARfueITVDernsAWdtIMbOJgKgcluwENp3AlsKN/PloyO10HtmoqnFAQAcxPkgZN7wdfPfEd0zNGxbg=="
    },
    "node_modules/node-gyp-build": {
      "version": "4.3.0",
      "resolved": "https://registry.npmjs.org/node-gyp-build/-/node-gyp-build-4.3.0.tgz",
      "integrity": "sha512-iWjXZvmboq0ja1pUGULQBexmxq8CV4xBhX7VDOTbL7ZR4FOowwY/VOtRxBN/yKxmdGoIp4j5ysNT4u3S2pDQ3Q==",
      "bin": {
        "node-gyp-build": "bin.js",
        "node-gyp-build-optional": "optional.js",
        "node-gyp-build-test": "build-test.js"
      }
    },
    "node_modules/typescript": {
      "version": "4.6.3",
      "resolved": "https://registry.npmjs.org/typescript/-/typescript-4.6.3.tgz",
      "integrity": "sha512-yNIatDa5iaofVozS/uQJEl3JRWLKKGJKh6Yaiv0GLGSuhpFJe7P3SbHZ8/yjAHRQwKRoA6YZqlfjXWmVzoVSMw==",
      "bin": {
        "tsc": "bin/tsc",
        "tsserver": "bin/tsserver"
      },
      "engines": {
        "node": ">=4.2.0"
      }
    }
  },
  "dependencies": {
    "@types/node": {
      "version": "17.0.23",
      "resolved": "https://registry.npmjs.org/@types/node/-/node-17.0.23.tgz",
      "integrity": "sha512-UxDxWn7dl97rKVeVS61vErvw086aCYhDLyvRQZ5Rk65rZKepaFdm53GeqXaKBuOhED4e9uWq34IC3TdSdJJ2Gw=="
    },
    "fuse-native": {
      "version": "2.2.6",
      "resolved": "https://registry.npmjs.org/fuse-native/-/fuse-native-2.2.6.tgz",
      "integrity": "sha512-Y5wXd7vUsWWWIIHbjluv7jKZgPZaSVA5YWaW3I5fXIJfcGWL6IRUgoBUveQAq+D8cG9cCiGNahv9CeToccCXrw==",
      "requires": {
        "fuse-shared-library": "^1.0.2",
        "nanoresource": "^1.3.0",
        "napi-macros": "^2.0.0",
        "node-gyp-build": "^4.2.0"
      }
    },
    "fuse-shared-library": {
      "version": "1.1.1",
      "resolved": "https://registry.npmjs.org/fuse-shared-library/-/fuse-shared-library-1.1.1.tgz",
      "integrity": "sha512-EfgTo/eS1euZFUe7x8KqyA40hV4DwP7kqp1VNZApu2nlPnJv8SanraBE3VXyX7ff41sxw7M0oWY7re3G3wnZVA==",
      "requires": {
        "fuse-shared-library-darwin": "^1.0.3",
        "fuse-shared-library-linux": "^1.0.1",
        "fuse-shared-library-linux-arm": "^1.0.0"
      }
    },
    "fuse-shared-library-darwin": {
      "version": "1.1.3",
      "resolved": "https://registry.npmjs.org/fuse-shared-library-darwin/-/fuse-shared-library-darwin-1.1.3.tgz",
      "integrity": "sha512-4Q8gMxyMl1+gwHGpiYUoKKpi7xq8WcPo0TvJvjZzHMuCiszouu2GgEs6SJAqPB3LjfmEkl6kPV+2Oluczr0Nig=="
    },
    "fuse-shared-library-linux": {
      "version": "1.0.1",
      "resolved": "https://registry.npmjs.org/fuse-shared-library-linux/-/fuse-shared-library-linux-1.0.1.tgz",
      "integrity": "sha512-07MQRSobrBKwW4D7oKm0gM2TwgvZWb+gC08JdiYDG4KBTncxk9ssqEDiDMKll8hpseZufsY2w1yc/feOu2DPmQ=="
    },
    "fuse-shared-library-linux-arm": {
      "version": "1.0.0",
      "resolved": "https://registry.npmjs.org/fuse-shared-library-linux-arm/-/fuse-shared-library-linux-arm-1.0.0.tgz",
      "integrity": "sha512-Dj4ssxo1/MKGvOsVWRblSRu+o5F5OJTrVPDkjSyGDU2yKvVnIzQSwy1deiWA0qCcS/Q8iJMlZaCpCcZWSwvoug=="
    },
    "inherits": {
      "version": "2.0.4",
      "resolved": "https://registry.npmjs.org/inherits/-/inherits-2.0.4.tgz",
      "integrity": "sha512-k/vGaX4/Yla3WzyMCvTQOXYeIHvqOKtnqBduzTHpzpQZzAskKMhZ2K+EnBiSM9zGSoIFeMpXKxa4dYeZIQqewQ=="
    },
    "nanoresource": {
      "version": "1.3.0",
      "resolved": "https://registry.npmjs.org/nanoresource/-/nanoresource-1.3.0.tgz",
      "integrity": "sha512-OI5dswqipmlYfyL3k/YMm7mbERlh4Bd1KuKdMHpeoVD1iVxqxaTMKleB4qaA2mbQZ6/zMNSxCXv9M9P/YbqTuQ==",
      "requires": {
        "inherits": "^2.0.4"
      }
    },
    "napi-macros": {
      "version": "2.0.0",
      "resolved": "https://registry.npmjs.org/napi-macros/-/napi-macros-2.0.0.tgz",
      "integrity": "sha512-A0xLykHtARfueITVDernsAWdtIMbOJgKgcluwENp3AlsKN/PloyO10HtmoqnFAQAcxPkgZN7wdfPfEd0zNGxbg=="
    },
    "node-gyp-build": {
      "version": "4.3.0",
      "resolved": "https://registry.npmjs.org/node-gyp-build/-/node-gyp-build-4.3.0.tgz",
      "integrity": "sha512-iWjXZvmboq0ja1pUGULQBexmxq8CV4xBhX7VDOTbL7ZR4FOowwY/VOtRxBN/yKxmdGoIp4j5ysNT4u3S2pDQ3Q=="
    },
    "typescript": {
      "version": "4.6.3",
      "resolved": "https://registry.npmjs.org/typescript/-/typescript-4.6.3.tgz",
      "integrity": "sha512-yNIatDa5iaofVozS/uQJEl3JRWLKKGJKh6Yaiv0GLGSuhpFJe7P3SbHZ8/yjAHRQwKRoA6YZqlfjXWmVzoVSMw=="
    }
  }
}
